// !$*UTF8*$!
{
	archiveVersion = 1;
	classes = {
	};
	objectVersion = 46;
	objects = {

/* Begin PBXBuildFile section */
		182F4C3E19E12F5B005A27AF /* main.m in Sources */ = {isa = PBXBuildFile; fileRef = 182F4C3D19E12F5B005A27AF /* main.m */; };
		182F4C4119E12F5B005A27AF /* AppDelegate.m in Sources */ = {isa = PBXBuildFile; fileRef = 182F4C4019E12F5B005A27AF /* AppDelegate.m */; };
		182F4C4419E12F5B005A27AF /* ViewController.m in Sources */ = {isa = PBXBuildFile; fileRef = 182F4C4319E12F5B005A27AF /* ViewController.m */; };
		182F4C4719E12F5B005A27AF /* Main.storyboard in Resources */ = {isa = PBXBuildFile; fileRef = 182F4C4519E12F5B005A27AF /* Main.storyboard */; };
		182F4C4919E12F5B005A27AF /* Images.xcassets in Resources */ = {isa = PBXBuildFile; fileRef = 182F4C4819E12F5B005A27AF /* Images.xcassets */; };
		182F4C4C19E12F5B005A27AF /* LaunchScreen.xib in Resources */ = {isa = PBXBuildFile; fileRef = 182F4C4A19E12F5B005A27AF /* LaunchScreen.xib */; };
		182F4C5819E12F5B005A27AF /* matchismoTests.m in Sources */ = {isa = PBXBuildFile; fileRef = 182F4C5719E12F5B005A27AF /* matchismoTests.m */; };
/* End PBXBuildFile section */

/* Begin PBXContainerItemProxy section */
		182F4C5219E12F5B005A27AF /* PBXContainerItemProxy */ = {
			isa = PBXContainerItemProxy;
			containerPortal = 182F4C3019E12F5B005A27AF /* Project object */;
			proxyType = 1;
			remoteGlobalIDString = 182F4C3719E12F5B005A27AF;
			remoteInfo = matchismo;
		};
/* End PBXContainerItemProxy section */

/* Begin PBXFileReference section */
		182F4C3819E12F5B005A27AF /* matchismo.app */ = {isa = PBXFileReference; explicitFileType = wrapper.application; includeInIndex = 0; path = matchismo.app; sourceTree = BUILT_PRODUCTS_DIR; };
		182F4C3C19E12F5B005A27AF /* Info.plist */ = {isa = PBXFileReference; lastKnownFileType = text.plist.xml; path = Info.plist; sourceTree = "<group>"; };
		182F4C3D19E12F5B005A27AF /* main.m */ = {isa = PBXFileReference; lastKnownFileType = sourcecode.c.objc; path = main.m; sourceTree = "<group>"; };
		182F4C3F19E12F5B005A27AF /* AppDelegate.h */ = {isa = PBXFileReference; lastKnownFileType = sourcecode.c.h; path = AppDelegate.h; sourceTree = "<group>"; };
		182F4C4019E12F5B005A27AF /* AppDelegate.m */ = {isa = PBXFileReference; lastKnownFileType = sourcecode.c.objc; path = AppDelegate.m; sourceTree = "<group>"; };
		182F4C4219E12F5B005A27AF /* ViewController.h */ = {isa = PBXFileReference; lastKnownFileType = sourcecode.c.h; path = ViewController.h; sourceTree = "<group>"; };
		182F4C4319E12F5B005A27AF /* ViewController.m */ = {isa = PBXFileReference; lastKnownFileType = sourcecode.c.objc; path = ViewController.m; sourceTree = "<group>"; };
		182F4C4619E12F5B005A27AF /* Base */ = {isa = PBXFileReference; lastKnownFileType = file.storyboard; name = Base; path = Base.lproj/Main.storyboard; sourceTree = "<group>"; };
		182F4C4819E12F5B005A27AF /* Images.xcassets */ = {isa = PBXFileReference; lastKnownFileType = folder.assetcatalog; path = Images.xcassets; sourceTree = "<group>"; };
		182F4C4B19E12F5B005A27AF /* Base */ = {isa = PBXFileReference; lastKnownFileType = file.xib; name = Base; path = Base.lproj/LaunchScreen.xib; sourceTree = "<group>"; };
		182F4C5119E12F5B005A27AF /* matchismoTests.xctest */ = {isa = PBXFileReference; explicitFileType = wrapper.cfbundle; includeInIndex = 0; path = matchismoTests.xctest; sourceTree = BUILT_PRODUCTS_DIR; };
		182F4C5619E12F5B005A27AF /* Info.plist */ = {isa = PBXFileReference; lastKnownFileType = text.plist.xml; path = Info.plist; sourceTree = "<group>"; };
		182F4C5719E12F5B005A27AF /* matchismoTests.m */ = {isa = PBXFileReference; lastKnownFileType = sourcecode.c.objc; path = matchismoTests.m; sourceTree = "<group>"; };
/* End PBXFileReference section */

/* Begin PBXFrameworksBuildPhase section */
		182F4C3519E12F5B005A27AF /* Frameworks */ = {
			isa = PBXFrameworksBuildPhase;
			buildActionMask = 2147483647;
			files = (
			);
			runOnlyForDeploymentPostprocessing = 0;
		};
		182F4C4E19E12F5B005A27AF /* Frameworks */ = {
			isa = PBXFrameworksBuildPhase;
			buildActionMask = 2147483647;
			files = (
			);
			runOnlyForDeploymentPostprocessing = 0;
		};
/* End PBXFrameworksBuildPhase section */

/* Begin PBXGroup section */
		182F4C2F19E12F5B005A27AF = {
			isa = PBXGroup;
			children = (
				182F4C3A19E12F5B005A27AF /* matchismo */,
				182F4C5419E12F5B005A27AF /* matchismoTests */,
				182F4C3919E12F5B005A27AF /* Products */,
			);
			sourceTree = "<group>";
		};
		182F4C3919E12F5B005A27AF /* Products */ = {
			isa = PBXGroup;
			children = (
				182F4C3819E12F5B005A27AF /* matchismo.app */,
				182F4C5119E12F5B005A27AF /* matchismoTests.xctest */,
			);
			name = Products;
			sourceTree = "<group>";
		};
		182F4C3A19E12F5B005A27AF /* matchismo */ = {
			isa = PBXGroup;
			children = (
				182F4C3F19E12F5B005A27AF /* AppDelegate.h */,
				182F4C4019E12F5B005A27AF /* AppDelegate.m */,
				182F4C4219E12F5B005A27AF /* ViewController.h */,
				182F4C4319E12F5B005A27AF /* ViewController.m */,
				182F4C4519E12F5B005A27AF /* Main.storyboard */,
				182F4C4819E12F5B005A27AF /* Images.xcassets */,
				182F4C4A19E12F5B005A27AF /* LaunchScreen.xib */,
				182F4C3B19E12F5B005A27AF /* Supporting Files */,
			);
			path = matchismo;
			sourceTree = "<group>";
		};
		182F4C3B19E12F5B005A27AF /* Supporting Files */ = {
			isa = PBXGroup;
			children = (
				182F4C3C19E12F5B005A27AF /* Info.plist */,
				182F4C3D19E12F5B005A27AF /* main.m */,
			);
			name = "Supporting Files";
			sourceTree = "<group>";
		};
		182F4C5419E12F5B005A27AF /* matchismoTests */ = {
			isa = PBXGroup;
			children = (
				182F4C5719E12F5B005A27AF /* matchismoTests.m */,
				182F4C5519E12F5B005A27AF /* Supporting Files */,
			);
			path = matchismoTests;
			sourceTree = "<group>";
		};
		182F4C5519E12F5B005A27AF /* Supporting Files */ = {
			isa = PBXGroup;
			children = (
				182F4C5619E12F5B005A27AF /* Info.plist */,
			);
			name = "Supporting Files";
			sourceTree = "<group>";
		};
/* End PBXGroup section */

/* Begin PBXNativeTarget section */
		182F4C3719E12F5B005A27AF /* matchismo */ = {
			isa = PBXNativeTarget;
			buildConfigurationList = 182F4C5B19E12F5B005A27AF /* Build configuration list for PBXNativeTarget "matchismo" */;
			buildPhases = (
				182F4C3419E12F5B005A27AF /* Sources */,
				182F4C3519E12F5B005A27AF /* Frameworks */,
				182F4C3619E12F5B005A27AF /* Resources */,
			);
			buildRules = (
			);
			dependencies = (
			);
			name = matchismo;
			productName = matchismo;
			productReference = 182F4C3819E12F5B005A27AF /* matchismo.app */;
			productType = "com.apple.product-type.application";
		};
		182F4C5019E12F5B005A27AF /* matchismoTests */ = {
			isa = PBXNativeTarget;
			buildConfigurationList = 182F4C5E19E12F5B005A27AF /* Build configuration list for PBXNativeTarget "matchismoTests" */;
			buildPhases = (
				182F4C4D19E12F5B005A27AF /* Sources */,
				182F4C4E19E12F5B005A27AF /* Frameworks */,
				182F4C4F19E12F5B005A27AF /* Resources */,
			);
			buildRules = (
			);
			dependencies = (
				182F4C5319E12F5B005A27AF /* PBXTargetDependency */,
			);
			name = matchismoTests;
			productName = matchismoTests;
			productReference = 182F4C5119E12F5B005A27AF /* matchismoTests.xctest */;
			productType = "com.apple.product-type.bundle.unit-test";
		};
/* End PBXNativeTarget section */

/* Begin PBXProject section */
		182F4C3019E12F5B005A27AF /* Project object */ = {
			isa = PBXProject;
			attributes = {
				LastUpgradeCheck = 0600;
				ORGANIZATIONNAME = ifzer;
				TargetAttributes = {
					182F4C3719E12F5B005A27AF = {
						CreatedOnToolsVersion = 6.0.1;
					};
					182F4C5019E12F5B005A27AF = {
						CreatedOnToolsVersion = 6.0.1;
						TestTargetID = 182F4C3719E12F5B005A27AF;
					};
				};
			};
			buildConfigurationList = 182F4C3319E12F5B005A27AF /* Build configuration list for PBXProject "matchismo" */;
			compatibilityVersion = "Xcode 3.2";
			developmentRegion = English;
			hasScannedForEncodings = 0;
			knownRegions = (
				en,
				Base,
			);
			mainGroup = 182F4C2F19E12F5B005A27AF;
			productRefGroup = 182F4C3919E12F5B005A27AF /* Products */;
			projectDirPath = "";
			projectRoot = "";
			targets = (
				182F4C3719E12F5B005A27AF /* matchismo */,
				182F4C5019E12F5B005A27AF /* matchismoTests */,
			);
		};
/* End PBXProject section */

/* Begin PBXResourcesBuildPhase section */
		182F4C3619E12F5B005A27AF /* Resources */ = {
			isa = PBXResourcesBuildPhase;
			buildActionMask = 2147483647;
			files = (
				182F4C4719E12F5B005A27AF /* Main.storyboard in Resources */,
				182F4C4C19E12F5B005A27AF /* LaunchScreen.xib in Resources */,
				182F4C4919E12F5B005A27AF /* Images.xcassets in Resources */,
			);
			runOnlyForDeploymentPostprocessing = 0;
		};
		182F4C4F19E12F5B005A27AF /* Resources */ = {
			isa = PBXResourcesBuildPhase;
			buildActionMask = 2147483647;
			files = (
			);
			runOnlyForDeploymentPostprocessing = 0;
		};
/* End PBXResourcesBuildPhase section */

/* Begin PBXSourcesBuildPhase section */
		182F4C3419E12F5B005A27AF /* Sources */ = {
			isa = PBXSourcesBuildPhase;
			buildActionMask = 2147483647;
			files = (
				182F4C4419E12F5B005A27AF /* ViewController.m in Sources */,
				182F4C4119E12F5B005A27AF /* AppDelegate.m in Sources */,
				182F4C3E19E12F5B005A27AF /* main.m in Sources */,
			);
			runOnlyForDeploymentPostprocessing = 0;
		};
		182F4C4D19E12F5B005A27AF /* Sources */ = {
			isa = PBXSourcesBuildPhase;
			buildActionMask = 2147483647;
			files = (
				182F4C5819E12F5B005A27AF /* matchismoTests.m in Sources */,
			);
			runOnlyForDeploymentPostprocessing = 0;
		};
/* End PBXSourcesBuildPhase section */

/* Begin PBXTargetDependency section */
		182F4C5319E12F5B005A27AF /* PBXTargetDependency */ = {
			isa = PBXTargetDependency;
			target = 182F4C3719E12F5B005A27AF /* matchismo */;
			targetProxy = 182F4C5219E12F5B005A27AF /* PBXContainerItemProxy */;
		};
/* End PBXTargetDependency section */

/* Begin PBXVariantGroup section */
		182F4C4519E12F5B005A27AF /* Main.storyboard */ = {
			isa = PBXVariantGroup;
			children = (
				182F4C4619E12F5B005A27AF /* Base */,
			);
			name = Main.storyboard;
			sourceTree = "<group>";
		};
		182F4C4A19E12F5B005A27AF /* LaunchScreen.xib */ = {
			isa = PBXVariantGroup;
			children = (
				182F4C4B19E12F5B005A27AF /* Base */,
			);
			name = LaunchScreen.xib;
			sourceTree = "<group>";
		};
/* End PBXVariantGroup section */

/* Begin XCBuildConfiguration section */
		182F4C5919E12F5B005A27AF /* Debug */ = {
			isa = XCBuildConfiguration;
			buildSettings = {
				ALWAYS_SEARCH_USER_PATHS = NO;
				CLANG_CXX_LANGUAGE_STANDARD = "gnu++0x";
				CLANG_CXX_LIBRARY = "libc++";
				CLANG_ENABLE_MODULES = YES;
				CLANG_ENABLE_OBJC_ARC = YES;
				CLANG_WARN_BOOL_CONVERSION = YES;
				CLANG_WARN_CONSTANT_CONVERSION = YES;
				CLANG_WARN_DIRECT_OBJC_ISA_USAGE = YES_ERROR;
				CLANG_WARN_EMPTY_BODY = YES;
				CLANG_WARN_ENUM_CONVERSION = YES;
				CLANG_WARN_INT_CONVERSION = YES;
				CLANG_WARN_OBJC_ROOT_CLASS = YES_ERROR;
				CLANG_WARN_UNREACHABLE_CODE = YES;
				CLANG_WARN__DUPLICATE_METHOD_MATCH = YES;
				"CODE_SIGN_IDENTITY[sdk=iphoneos*]" = "iPhone Developer";
				COPY_PHASE_STRIP = NO;
				ENABLE_STRICT_OBJC_MSGSEND = YES;
				GCC_C_LANGUAGE_STANDARD = gnu99;
				GCC_DYNAMIC_NO_PIC = NO;
				GCC_OPTIMIZATION_LEVEL = 0;
				GCC_PREPROCESSOR_DEFINITIONS = (
					"DEBUG=1",
					"$(inherited)",
				);
				GCC_SYMBOLS_PRIVATE_EXTERN = NO;
				GCC_WARN_64_TO_32_BIT_CONVERSION = YES;
				GCC_WARN_ABOUT_RETURN_TYPE = YES_ERROR;
				GCC_WARN_UNDECLARED_SELECTOR = YES;
				GCC_WARN_UNINITIALIZED_AUTOS = YES_AGGRESSIVE;
				GCC_WARN_UNUSED_FUNCTION = YES;
				GCC_WARN_UNUSED_VARIABLE = YES;
				IPHONEOS_DEPLOYMENT_TARGET = 8.0;
				MTL_ENABLE_DEBUG_INFO = YES;
				ONLY_ACTIVE_ARCH = YES;
				SDKROOT = iphoneos;
			};
			name = Debug;
		};
		182F4C5A19E12F5B005A27AF /* Release */ = {
			isa = XCBuildConfiguration;
			buildSettings = {
				ALWAYS_SEARCH_USER_PATHS = NO;
				CLANG_CXX_LANGUAGE_STANDARD = "gnu++0x";
				CLANG_CXX_LIBRARY = "libc++";
				CLANG_ENABLE_MODULES = YES;
				CLANG_ENABLE_OBJC_ARC = YES;
				CLANG_WARN_BOOL_CONVERSION = YES;
				CLANG_WARN_CONSTANT_CONVERSION = YES;
				CLANG_WARN_DIRECT_OBJC_ISA_USAGE = YES_ERROR;
				CLANG_WARN_EMPTY_BODY = YES;
				CLANG_WARN_ENUM_CONVERSION = YES;
				CLANG_WARN_INT_CONVERSION = YES;
				CLANG_WARN_OBJC_ROOT_CLASS = YES_ERROR;
				CLANG_WARN_UNREACHABLE_CODE = YES;
				CLANG_WARN__DUPLICATE_METHOD_MATCH = YES;
				"CODE_SIGN_IDENTITY[sdk=iphoneos*]" = "iPhone Developer";
				COPY_PHASE_STRIP = YES;
				ENABLE_NS_ASSERTIONS = NO;
				ENABLE_STRICT_OBJC_MSGSEND = YES;
				GCC_C_LANGUAGE_STANDARD = gnu99;
				GCC_WARN_64_TO_32_BIT_CONVERSION = YES;
				GCC_WARN_ABOUT_RETURN_TYPE = YES_ERROR;
				GCC_WARN_UNDECLARED_SELECTOR = YES;
				GCC_WARN_UNINITIALIZED_AUTOS = YES_AGGRESSIVE;
				GCC_WARN_UNUSED_FUNCTION = YES;
				GCC_WARN_UNUSED_VARIABLE = YES;
				IPHONEOS_DEPLOYMENT_TARGET = 8.0;
				MTL_ENABLE_DEBUG_INFO = NO;
				SDKROOT = iphoneos;
				VALIDATE_PRODUCT = YES;
			};
			name = Release;
		};
		182F4C5C19E12F5B005A27AF /* Debug */ = {
			isa = XCBuildConfiguration;
			buildSettings = {
				ASSETCATALOG_COMPILER_APPICON_NAME = AppIcon;
				INFOPLIST_FILE = matchismo/Info.plist;
				LD_RUNPATH_SEARCH_PATHS = "$(inherited) @executable_path/Frameworks";
				PRODUCT_NAME = "$(TARGET_NAME)";
			};
			name = Debug;
		};
		182F4C5D19E12F5B005A27AF /* Release */ = {
			isa = XCBuildConfiguration;
			buildSettings = {
				ASSETCATALOG_COMPILER_APPICON_NAME = AppIcon;
				INFOPLIST_FILE = matchismo/Info.plist;
				LD_RUNPATH_SEARCH_PATHS = "$(inherited) @executable_path/Frameworks";
				PRODUCT_NAME = "$(TARGET_NAME)";
			};
			name = Release;
		};
		182F4C5F19E12F5B005A27AF /* Debug */ = {
			isa = XCBuildConfiguration;
			buildSettings = {
				BUNDLE_LOADER = "$(TEST_HOST)";
				FRAMEWORK_SEARCH_PATHS = (
					"$(SDKROOT)/Developer/Library/Frameworks",
					"$(inherited)",
				);
				GCC_PREPROCESSOR_DEFINITIONS = (
					"DEBUG=1",
					"$(inherited)",
				);
				INFOPLIST_FILE = matchismoTests/Info.plist;
				LD_RUNPATH_SEARCH_PATHS = "$(inherited) @executable_path/Frameworks @loader_path/Frameworks";
				PRODUCT_NAME = "$(TARGET_NAME)";
				TEST_HOST = "$(BUILT_PRODUCTS_DIR)/matchismo.app/matchismo";
			};
			name = Debug;
		};
		182F4C6019E12F5B005A27AF /* Release */ = {
			isa = XCBuildConfiguration;
			buildSettings = {
				BUNDLE_LOADER = "$(TEST_HOST)";
				FRAMEWORK_SEARCH_PATHS = (
					"$(SDKROOT)/Developer/Library/Frameworks",
					"$(inherited)",
				);
				INFOPLIST_FILE = matchismoTests/Info.plist;
				LD_RUNPATH_SEARCH_PATHS = "$(inherited) @executable_path/Frameworks @loader_path/Frameworks";
				PRODUCT_NAME = "$(TARGET_NAME)";
				TEST_HOST = "$(BUILT_PRODUCTS_DIR)/matchismo.app/matchismo";
			};
			name = Release;
		};
/* End XCBuildConfiguration section */

/* Begin XCConfigurationList section */
		182F4C3319E12F5B005A27AF /* Build configuration list for PBXProject "matchismo" */ = {
			isa = XCConfigurationList;
			buildConfigurations = (
				182F4C5919E12F5B005A27AF /* Debug */,
				182F4C5A19E12F5B005A27AF /* Release */,
			);
			defaultConfigurationIsVisible = 0;
			defaultConfigurationName = Release;
		};
		182F4C5B19E12F5B005A27AF /* Build configuration list for PBXNativeTarget "matchismo" */ = {
			isa = XCConfigurationList;
			buildConfigurations = (
				182F4C5C19E12F5B005A27AF /* Debug */,
				182F4C5D19E12F5B005A27AF /* Release */,
			);
			defaultConfigurationIsVisible = 0;
		};
		182F4C5E19E12F5B005A27AF /* Build configuration list for PBXNativeTarget "matchismoTests" */ = {
			isa = XCConfigurationList;
			buildConfigurations = (
				182F4C5F19E12F5B005A27AF /* Debug */,
				182F4C6019E12F5B005A27AF /* Release */,
			);
			defaultConfigurationIsVisible = 0;
		};
/* End XCConfigurationList section */
	};
	rootObject = 182F4C3019E12F5B005A27AF /* Project object */;
}
